# This file is automatically @generated by Cargo.
# It is not intended for manual editing.
version = 4

[[package]]
name = "jjik"
version = "0.2.0"
source = "registry+https://github.com/rust-lang/crates.io-index"
checksum = "a6c19892f31cc5f14e6cb708d370ebc3ed3e81d76b9a0a6614d8e059af9dd6d1"
dependencies = [
 "jlek",
]

[[package]]
name = "jlek"
version = "0.1.2"
source = "registry+https://github.com/rust-lang/crates.io-index"
checksum = "8750bc73088ab6d61e0024ccef152b285f302e614421ccc3ff48aadc0a53d5eb"

[[package]]
name = "oonta"
version = "0.1.0"
dependencies = [
 "jjik",
]
