# This file is automatically @generated by Cargo.
# It is not intended for manual editing.
version = 4

[[package]]
name = "jjik"
version = "0.1.0"
source = "registry+https://github.com/rust-lang/crates.io-index"
checksum = "9ce602cce1733a3092311f71a2dd052fbe0cb1946d86768c4c52a15e560513ed"
dependencies = [
 "jlek",
]

[[package]]
name = "jlek"
version = "0.1.0"
source = "registry+https://github.com/rust-lang/crates.io-index"
checksum = "89f8fcb221c78c1b2d5ed27f5e4397b192781869fd9b7db7626c9fe8182217be"

[[package]]
name = "oonta"
version = "0.1.0"
dependencies = [
 "jjik",
]
